
Microsoft Visual Studio Solution File, Format Version 12.00
# Visual Studio Version 17
VisualStudioVersion = 17.10.35201.131
MinimumVisualStudioVersion = 10.0.40219.1
Project("{FAE04EC0-301F-11D3-BF4B-00C04F79EFBC}") = "WebApplication1", "WebApplication1\WebApplication1.csproj", "{0E760B9A-0EE0-4BB6-8C71-9426201E5A5B}"
EndProject
Global
	GlobalSection(SolutionConfigurationPlatforms) = preSolution
		Debug|Any CPU = Debug|Any CPU
		Release|Any CPU = Release|Any CPU
	EndGlobalSection
	GlobalSection(ProjectConfigurationPlatforms) = postSolution
		{0E760B9A-0EE0-4BB6-8C71-9426201E5A5B}.Debug|Any CPU.ActiveCfg = Debug|Any CPU
		{0E760B9A-0EE0-4BB6-8C71-9426201E5A5B}.Debug|Any CPU.Build.0 = Debug|Any CPU
		{0E760B9A-0EE0-4BB6-8C71-9426201E5A5B}.Release|Any CPU.ActiveCfg = Release|Any CPU
		{0E760B9A-0EE0-4BB6-8C71-9426201E5A5B}.Release|Any CPU.Build.0 = Release|Any CPU
	EndGlobalSection
	GlobalSection(SolutionProperties) = preSolution
		HideSolutionNode = FALSE
	EndGlobalSection
	GlobalSection(ExtensibilityGlobals) = postSolution
		SolutionGuid = {E1F6A782-4AB3-4B3F-B1BA-AC4DB4D145A0}
	EndGlobalSection
EndGlobal
